{
    "_readme": [
        "This file locks the dependencies of your project to a known state",
        "Read more about it at http://getcomposer.org/doc/01-basic-usage.md#composer-lock-the-lock-file",
        "This file is @generated automatically"
    ],
    "hash": "75e82bcbb7b72b0ec81a146115faf76e",
    "packages": [
        {
            "name": "kriswallsmith/buzz",
            "version": "dev-master",
            "source": {
                "type": "git",
                "url": "https://github.com/kriswallsmith/Buzz.git",
                "reference": "487760b05d6269a4c2c374364325326cfa65b12c"
            },
            "dist": {
                "type": "zip",
                "url": "https://api.github.com/repos/kriswallsmith/Buzz/zipball/487760b05d6269a4c2c374364325326cfa65b12c",
                "reference": "487760b05d6269a4c2c374364325326cfa65b12c",
                "shasum": ""
            },
            "require": {
                "php": ">=5.3.0"
            },
            "require-dev": {
                "phpunit/phpunit": "3.7.*"
            },
            "suggest": {
                "ext-curl": "*"
            },
            "type": "library",
            "autoload": {
                "psr-0": {
                    "Buzz": "lib/"
                }
            },
            "notification-url": "https://packagist.org/downloads/",
            "license": [
                "MIT"
            ],
            "authors": [
                {
                    "name": "Kris Wallsmith",
                    "email": "kris.wallsmith@gmail.com",
                    "homepage": "http://kriswallsmith.net/"
                }
            ],
            "description": "Lightweight HTTP client",
            "homepage": "https://github.com/kriswallsmith/Buzz",
            "keywords": [
                "curl",
                "http client"
            ],
            "time": "2014-09-15 12:42:36"
        },
        {
            "name": "kron0s/php-gitlab-ci-api",
            "version": "dev-master",
            "source": {
                "type": "git",
                "url": "https://github.com/Kron0S/GitlabCi.git",
                "reference": "8652474180c3cffe7c50cfdaaaa8ec03227541d9"
            },
            "dist": {
                "type": "zip",
                "url": "https://api.github.com/repos/Kron0S/GitlabCi/zipball/8652474180c3cffe7c50cfdaaaa8ec03227541d9",
                "reference": "8652474180c3cffe7c50cfdaaaa8ec03227541d9",
                "shasum": ""
            },
            "require": {
                "ext-curl": "*",
                "kriswallsmith/buzz": ">=0.7",
                "php": ">=5.3.2"
            },
            "type": "library",
            "autoload": {
                "psr-0": {
                    "GitlabCi\\": "lib/"
                }
            },
            "notification-url": "https://packagist.org/downloads/",
            "authors": [
                {
                    "name": "Thibault Duplessis",
                    "email": "thibault.duplessis@gmail.com",
                    "homepage": "http://ornicar.github.com"
                },
                {
                    "name": "KnpLabs Team",
                    "homepage": "http://knplabs.com"
                },
                {
                    "name": "Matt Humphrey",
                    "homepage": "http://m4tt.io"
                },
                {
                    "name": "Alexey Pushnikov",
                    "homepage": "http://kron0s.com"
                }
            ],
            "description": "GitLab CI API client",
            "keywords": [
                "api",
                "gitlab ci"
            ],
            "time": "2014-10-21 05:07:22"
        },
        {
            "name": "m4tthumphrey/php-gitlab-api",
            "version": "7.8.0",
            "source": {
                "type": "git",
                "url": "https://github.com/m4tthumphrey/php-gitlab-api.git",
                "reference": "fde7d55cf653298c9ba5a0610ec7c12e7cfc4fe1"
            },
            "dist": {
                "type": "zip",
                "url": "https://api.github.com/repos/m4tthumphrey/php-gitlab-api/zipball/fde7d55cf653298c9ba5a0610ec7c12e7cfc4fe1",
                "reference": "fde7d55cf653298c9ba5a0610ec7c12e7cfc4fe1",
                "shasum": ""
            },
            "require": {
                "ext-curl": "*",
                "kriswallsmith/buzz": ">=0.7",
                "php": ">=5.3.2"
            },
            "require-dev": {
                "phpunit/phpunit": "~4.5"
            },
            "type": "library",
            "autoload": {
                "psr-0": {
                    "Gitlab\\": "lib/"
                }
            },
            "notification-url": "https://packagist.org/downloads/",
            "license": [
                "MIT"
            ],
            "authors": [
                {
                    "name": "Thibault Duplessis",
                    "email": "thibault.duplessis@gmail.com",
                    "homepage": "http://ornicar.github.com"
                },
                {
                    "name": "KnpLabs Team",
                    "homepage": "http://knplabs.com"
                },
                {
                    "name": "Matt Humphrey",
                    "homepage": "http://m4tt.io"
                }
            ],
            "description": "GitLab API client",
            "homepage": "https://github.com/m4tthumphrey/php-gitlab-api",
            "keywords": [
                "api",
                "gitlab"
            ],
            "time": "2015-02-23 16:27:37"
        },
        {
            "name": "nette/di",
            "version": "dev-master",
            "source": {
                "type": "git",
                "url": "https://github.com/nette/di.git",
                "reference": "7ddd6d2f1083e3328a3b6591b8441b94dde190d6"
            },
            "dist": {
                "type": "zip",
                "url": "https://api.github.com/repos/nette/di/zipball/7ddd6d2f1083e3328a3b6591b8441b94dde190d6",
                "reference": "7ddd6d2f1083e3328a3b6591b8441b94dde190d6",
                "shasum": ""
            },
            "require": {
                "nette/neon": "~2.3",
                "nette/php-generator": "~2.3",
                "nette/utils": "~2.3",
                "php": ">=5.3.1"
            },
            "conflict": {
                "nette/nette": "<2.2"
            },
            "require-dev": {
                "nette/tester": "~1.3"
            },
            "type": "library",
            "extra": {
                "branch-alias": {
                    "dev-master": "2.3-dev"
                }
            },
            "autoload": {
                "classmap": [
                    "src/"
                ]
            },
            "notification-url": "https://packagist.org/downloads/",
            "license": [
                "BSD-3-Clause",
                "GPL-2.0",
                "GPL-3.0"
            ],
            "authors": [
                {
                    "name": "David Grudl",
                    "homepage": "http://davidgrudl.com"
                },
                {
                    "name": "Nette Community",
                    "homepage": "http://nette.org/contributors"
                }
            ],
            "description": "Nette Dependency Injection Component",
            "homepage": "http://nette.org",
            "time": "2015-03-12 15:17:50"
        },
        {
            "name": "nette/neon",
            "version": "dev-master",
            "source": {
                "type": "git",
                "url": "https://github.com/nette/neon.git",
                "reference": "c14c3ae106fbf11bef6dfc3ec7668c59bdd7f58e"
            },
            "dist": {
                "type": "zip",
                "url": "https://api.github.com/repos/nette/neon/zipball/c14c3ae106fbf11bef6dfc3ec7668c59bdd7f58e",
                "reference": "c14c3ae106fbf11bef6dfc3ec7668c59bdd7f58e",
                "shasum": ""
            },
            "require": {
                "ext-iconv": "*",
                "php": ">=5.3.1"
            },
            "require-dev": {
                "nette/tester": "~1.0"
            },
            "type": "library",
            "extra": {
                "branch-alias": {
                    "dev-master": "2.3-dev"
                }
            },
            "autoload": {
                "classmap": [
                    "src/"
                ]
            },
            "notification-url": "https://packagist.org/downloads/",
            "license": [
                "BSD-3-Clause",
                "GPL-2.0",
                "GPL-3.0"
            ],
            "authors": [
                {
                    "name": "David Grudl",
                    "homepage": "http://davidgrudl.com"
                },
                {
                    "name": "Nette Community",
                    "homepage": "http://nette.org/contributors"
                }
            ],
            "description": "Nette NEON: parser & generator for Nette Object Notation",
            "homepage": "http://ne-on.org",
            "time": "2015-02-17 21:10:16"
        },
        {
            "name": "nette/php-generator",
            "version": "dev-master",
            "source": {
                "type": "git",
                "url": "https://github.com/nette/php-generator.git",
                "reference": "bb8439b73fab9f403a7fa0d61e4c1913f75200ff"
            },
            "dist": {
                "type": "zip",
                "url": "https://api.github.com/repos/nette/php-generator/zipball/bb8439b73fab9f403a7fa0d61e4c1913f75200ff",
                "reference": "bb8439b73fab9f403a7fa0d61e4c1913f75200ff",
                "shasum": ""
            },
            "require": {
                "nette/utils": "~2.2",
                "php": ">=5.3.1"
            },
            "conflict": {
                "nette/nette": "<2.2"
            },
            "require-dev": {
                "nette/tester": "~1.0"
            },
            "type": "library",
            "extra": {
                "branch-alias": {
                    "dev-master": "2.3-dev"
                }
            },
            "autoload": {
                "classmap": [
                    "src/"
                ]
            },
            "notification-url": "https://packagist.org/downloads/",
            "license": [
                "BSD-3-Clause",
                "GPL-2.0",
                "GPL-3.0"
            ],
            "authors": [
                {
                    "name": "David Grudl",
                    "homepage": "http://davidgrudl.com"
                },
                {
                    "name": "Nette Community",
                    "homepage": "http://nette.org/contributors"
                }
            ],
            "description": "Nette PHP Generator",
            "homepage": "http://nette.org",
            "time": "2015-02-18 17:11:05"
        },
        {
            "name": "nette/utils",
            "version": "dev-master",
            "source": {
                "type": "git",
                "url": "https://github.com/nette/utils.git",
                "reference": "d313999e0fa64c48fe96d44d7d043b6344ee1518"
            },
            "dist": {
                "type": "zip",
                "url": "https://api.github.com/repos/nette/utils/zipball/d313999e0fa64c48fe96d44d7d043b6344ee1518",
                "reference": "d313999e0fa64c48fe96d44d7d043b6344ee1518",
                "shasum": ""
            },
            "require": {
                "php": ">=5.3.1"
            },
            "conflict": {
                "nette/nette": "<2.2"
            },
            "require-dev": {
                "nette/tester": "~1.0"
            },
            "suggest": {
                "ext-gd": "to use Image",
                "ext-iconv": "to use Strings::webalize() and toAscii()",
                "ext-intl": "for script transliteration in Strings::webalize() and toAscii()",
                "ext-mbstring": "to use Strings::lower() etc..."
            },
            "type": "library",
            "extra": {
                "branch-alias": {
                    "dev-master": "2.3-dev"
                }
            },
            "autoload": {
                "classmap": [
                    "src/"
                ]
            },
            "notification-url": "https://packagist.org/downloads/",
            "license": [
                "BSD-3-Clause",
                "GPL-2.0",
                "GPL-3.0"
            ],
            "authors": [
                {
                    "name": "David Grudl",
                    "homepage": "http://davidgrudl.com"
                },
                {
                    "name": "Nette Community",
                    "homepage": "http://nette.org/contributors"
                }
            ],
            "description": "Nette Utility Classes",
            "homepage": "http://nette.org",
            "time": "2015-02-26 08:08:08"
        }
    ],
    "packages-dev": [],
    "aliases": [],
    "minimum-stability": "dev",
    "stability-flags": {
        "kron0s/php-gitlab-ci-api": 20
    },
    "prefer-stable": false,
    "prefer-lowest": false,
    "platform": {
        "php": ">=5.3"
    },
    "platform-dev": []
}
